
Microsoft Visual Studio Solution File, Format Version 12.00
# Visual Studio 15
VisualStudioVersion = 15.0.27703.2000
MinimumVisualStudioVersion = 10.0.40219.1
Project("{9A19103F-16F7-4668-BE54-9A1E7A4F7556}") = "pipelines-dotnet-core", "pipelines-dotnet-core\pipelines-dotnet-core.csproj", "{275B01B7-ABC2-4F18-948A-D4A429370E9A}"
EndProject
Project("{9A19103F-16F7-4668-BE54-9A1E7A4F7556}") = "XUnitTestProject1", "XUnitTestProject1\XUnitTestProject1.csproj", "{8A12A726-DB06-4911-A53B-E320124A1EE9}"
EndProject
Global
	GlobalSection(SolutionConfigurationPlatforms) = preSolution
		Debug|Any CPU = Debug|Any CPU
		Release|Any CPU = Release|Any CPU
	EndGlobalSection
	GlobalSection(ProjectConfigurationPlatforms) = postSolution
		{275B01B7-ABC2-4F18-948A-D4A429370E9A}.Debug|Any CPU.ActiveCfg = Debug|Any CPU
		{275B01B7-ABC2-4F18-948A-D4A429370E9A}.Debug|Any CPU.Build.0 = Debug|Any CPU
		{275B01B7-ABC2-4F18-948A-D4A429370E9A}.Release|Any CPU.ActiveCfg = Release|Any CPU
		{275B01B7-ABC2-4F18-948A-D4A429370E9A}.Release|Any CPU.Build.0 = Release|Any CPU
		{8A12A726-DB06-4911-A53B-E320124A1EE9}.Debug|Any CPU.ActiveCfg = Debug|Any CPU
		{8A12A726-DB06-4911-A53B-E320124A1EE9}.Debug|Any CPU.Build.0 = Debug|Any CPU
		{8A12A726-DB06-4911-A53B-E320124A1EE9}.Release|Any CPU.ActiveCfg = Release|Any CPU
		{8A12A726-DB06-4911-A53B-E320124A1EE9}.Release|Any CPU.Build.0 = Release|Any CPU
	EndGlobalSection
	GlobalSection(SolutionProperties) = preSolution
		HideSolutionNode = FALSE
	EndGlobalSection
	GlobalSection(ExtensibilityGlobals) = postSolution
		SolutionGuid = {C0DA8404-F56C-414F-A11E-0A28C5D4D7B3}
	EndGlobalSection
EndGlobal
